
Microsoft Visual Studio Solution File, Format Version 12.00
# Visual Studio Version 16
VisualStudioVersion = 16.0.31019.35
MinimumVisualStudioVersion = 10.0.40219.1
Project("{2150E333-8FDC-42A3-9474-1A3956D46DE8}") = "Tests", "Tests", "{AF000EE5-C691-4CC2-89E1-A416FE867601}"
EndProject
Project("{9A19103F-16F7-4668-BE54-9A1E7A4F7556}") = "Cloud17.IO", "Cloud17.IO\Cloud17.IO.csproj", "{01511A6F-D6E2-44C4-BCD4-F4781ABDCB27}"
EndProject
Project("{9A19103F-16F7-4668-BE54-9A1E7A4F7556}") = "Cloud17.IO.Parsing", "Cloud17.IO.Parsing\Cloud17.IO.Parsing.csproj", "{6A44E43C-0F22-4D4C-BF22-B1E9E2D8A022}"
EndProject
Project("{9A19103F-16F7-4668-BE54-9A1E7A4F7556}") = "Cloud17.IO.Parsing.Iso8583", "Cloud17.IO.Parsing.Iso8583\Cloud17.IO.Parsing.Iso8583.csproj", "{5B1E392B-F273-4FF2-8833-BC397CDFA209}"
EndProject
Project("{9A19103F-16F7-4668-BE54-9A1E7A4F7556}") = "Cloud17.IO.Archive.7z", "Cloud17.IO.Archive.7z\Cloud17.IO.Archive.7z.csproj", "{481247D7-8F2F-4514-8EE5-93496FB3A9F0}"
EndProject
Project("{9A19103F-16F7-4668-BE54-9A1E7A4F7556}") = "Cloud17.IO.Archive.7z.Tests", "Cloud17.IO.Archive.7z.Tests\Cloud17.IO.Archive.7z.Tests.csproj", "{D371BB0B-5245-4624-9DF4-AAB4860AF115}"
EndProject
Project("{FAE04EC0-301F-11D3-BF4B-00C04F79EFBC}") = "Cloud17.IO.Parsing.Iso8583.Tests", "Cloud17.IO.Parsing.Iso8583.Tests\Cloud17.IO.Parsing.Iso8583.Tests.csproj", "{CDCAF0AD-5595-44EA-82D7-7D65F65614D5}"
EndProject
Global
	GlobalSection(SolutionConfigurationPlatforms) = preSolution
		Debug|Any CPU = Debug|Any CPU
		Release|Any CPU = Release|Any CPU
	EndGlobalSection
	GlobalSection(ProjectConfigurationPlatforms) = postSolution
		{01511A6F-D6E2-44C4-BCD4-F4781ABDCB27}.Debug|Any CPU.ActiveCfg = Debug|Any CPU
		{01511A6F-D6E2-44C4-BCD4-F4781ABDCB27}.Debug|Any CPU.Build.0 = Debug|Any CPU
		{01511A6F-D6E2-44C4-BCD4-F4781ABDCB27}.Release|Any CPU.ActiveCfg = Release|Any CPU
		{01511A6F-D6E2-44C4-BCD4-F4781ABDCB27}.Release|Any CPU.Build.0 = Release|Any CPU
		{6A44E43C-0F22-4D4C-BF22-B1E9E2D8A022}.Debug|Any CPU.ActiveCfg = Debug|Any CPU
		{6A44E43C-0F22-4D4C-BF22-B1E9E2D8A022}.Debug|Any CPU.Build.0 = Debug|Any CPU
		{6A44E43C-0F22-4D4C-BF22-B1E9E2D8A022}.Release|Any CPU.ActiveCfg = Release|Any CPU
		{6A44E43C-0F22-4D4C-BF22-B1E9E2D8A022}.Release|Any CPU.Build.0 = Release|Any CPU
		{5B1E392B-F273-4FF2-8833-BC397CDFA209}.Debug|Any CPU.ActiveCfg = Debug|Any CPU
		{5B1E392B-F273-4FF2-8833-BC397CDFA209}.Debug|Any CPU.Build.0 = Debug|Any CPU
		{5B1E392B-F273-4FF2-8833-BC397CDFA209}.Release|Any CPU.ActiveCfg = Release|Any CPU
		{5B1E392B-F273-4FF2-8833-BC397CDFA209}.Release|Any CPU.Build.0 = Release|Any CPU
		{481247D7-8F2F-4514-8EE5-93496FB3A9F0}.Debug|Any CPU.ActiveCfg = Debug|Any CPU
		{481247D7-8F2F-4514-8EE5-93496FB3A9F0}.Debug|Any CPU.Build.0 = Debug|Any CPU
		{481247D7-8F2F-4514-8EE5-93496FB3A9F0}.Release|Any CPU.ActiveCfg = Release|Any CPU
		{481247D7-8F2F-4514-8EE5-93496FB3A9F0}.Release|Any CPU.Build.0 = Release|Any CPU
		{D371BB0B-5245-4624-9DF4-AAB4860AF115}.Debug|Any CPU.ActiveCfg = Debug|Any CPU
		{D371BB0B-5245-4624-9DF4-AAB4860AF115}.Debug|Any CPU.Build.0 = Debug|Any CPU
		{D371BB0B-5245-4624-9DF4-AAB4860AF115}.Release|Any CPU.ActiveCfg = Release|Any CPU
		{D371BB0B-5245-4624-9DF4-AAB4860AF115}.Release|Any CPU.Build.0 = Release|Any CPU
		{CDCAF0AD-5595-44EA-82D7-7D65F65614D5}.Debug|Any CPU.ActiveCfg = Debug|Any CPU
		{CDCAF0AD-5595-44EA-82D7-7D65F65614D5}.Debug|Any CPU.Build.0 = Debug|Any CPU
		{CDCAF0AD-5595-44EA-82D7-7D65F65614D5}.Release|Any CPU.ActiveCfg = Release|Any CPU
		{CDCAF0AD-5595-44EA-82D7-7D65F65614D5}.Release|Any CPU.Build.0 = Release|Any CPU
	EndGlobalSection
	GlobalSection(SolutionProperties) = preSolution
		HideSolutionNode = FALSE
	EndGlobalSection
	GlobalSection(NestedProjects) = preSolution
		{D371BB0B-5245-4624-9DF4-AAB4860AF115} = {AF000EE5-C691-4CC2-89E1-A416FE867601}
		{CDCAF0AD-5595-44EA-82D7-7D65F65614D5} = {AF000EE5-C691-4CC2-89E1-A416FE867601}
	EndGlobalSection
	GlobalSection(ExtensibilityGlobals) = postSolution
		SolutionGuid = {26AD5565-C932-4A33-9072-64E7894E4E30}
	EndGlobalSection
EndGlobal
